
Microsoft Visual Studio Solution File, Format Version 12.00
# Visual Studio Version 16
VisualStudioVersion = 16.0.810.11
MinimumVisualStudioVersion = 10.0.40219.1
Project("{9A19103F-16F7-4668-BE54-9A1E7A4F7556}") = "MusicGenerator", "MusicGenerator\MusicGenerator.csproj", "{ADAD7508-839F-4660-A756-64700EE32BD6}"
EndProject
Project("{FAE04EC0-301F-11D3-BF4B-00C04F79EFBC}") = "Models", "Models\Models.csproj", "{5C77BB1A-A33B-4CC6-9334-FEF275BDEFF1}"
EndProject
Global
	GlobalSection(SolutionConfigurationPlatforms) = preSolution
		Debug|Any CPU = Debug|Any CPU
		Release|Any CPU = Release|Any CPU
	EndGlobalSection
	GlobalSection(ProjectConfigurationPlatforms) = postSolution
		{ADAD7508-839F-4660-A756-64700EE32BD6}.Debug|Any CPU.ActiveCfg = Debug|Any CPU
		{ADAD7508-839F-4660-A756-64700EE32BD6}.Debug|Any CPU.Build.0 = Debug|Any CPU
		{ADAD7508-839F-4660-A756-64700EE32BD6}.Release|Any CPU.ActiveCfg = Release|Any CPU
		{ADAD7508-839F-4660-A756-64700EE32BD6}.Release|Any CPU.Build.0 = Release|Any CPU
		{5C77BB1A-A33B-4CC6-9334-FEF275BDEFF1}.Debug|Any CPU.ActiveCfg = Debug|Any CPU
		{5C77BB1A-A33B-4CC6-9334-FEF275BDEFF1}.Debug|Any CPU.Build.0 = Debug|Any CPU
		{5C77BB1A-A33B-4CC6-9334-FEF275BDEFF1}.Release|Any CPU.ActiveCfg = Release|Any CPU
		{5C77BB1A-A33B-4CC6-9334-FEF275BDEFF1}.Release|Any CPU.Build.0 = Release|Any CPU
	EndGlobalSection
	GlobalSection(SolutionProperties) = preSolution
		HideSolutionNode = FALSE
	EndGlobalSection
	GlobalSection(ExtensibilityGlobals) = postSolution
		SolutionGuid = {AA2A7579-F8AC-4554-A9DA-243081853E02}
	EndGlobalSection
EndGlobal
